
Microsoft Visual Studio Solution File, Format Version 12.00
# Visual Studio Version 16
VisualStudioVersion = 16.0.29920.165
MinimumVisualStudioVersion = 10.0.40219.1
Project("{FAE04EC0-301F-11D3-BF4B-00C04F79EFBC}") = "LaskuHöskä", "LaskuHöskä\LaskuHöskä.csproj", "{C59EE200-6D4D-4C81-8DDF-3A78389DA88D}"
EndProject
Global
	GlobalSection(SolutionConfigurationPlatforms) = preSolution
		Debug|Any CPU = Debug|Any CPU
		Release|Any CPU = Release|Any CPU
	EndGlobalSection
	GlobalSection(ProjectConfigurationPlatforms) = postSolution
		{C59EE200-6D4D-4C81-8DDF-3A78389DA88D}.Debug|Any CPU.ActiveCfg = Debug|Any CPU
		{C59EE200-6D4D-4C81-8DDF-3A78389DA88D}.Debug|Any CPU.Build.0 = Debug|Any CPU
		{C59EE200-6D4D-4C81-8DDF-3A78389DA88D}.Release|Any CPU.ActiveCfg = Release|Any CPU
		{C59EE200-6D4D-4C81-8DDF-3A78389DA88D}.Release|Any CPU.Build.0 = Release|Any CPU
	EndGlobalSection
	GlobalSection(SolutionProperties) = preSolution
		HideSolutionNode = FALSE
	EndGlobalSection
	GlobalSection(ExtensibilityGlobals) = postSolution
		SolutionGuid = {345EC083-ACE9-4A32-A031-222A5E80A3CA}
	EndGlobalSection
EndGlobal
